
Microsoft Visual Studio Solution File, Format Version 12.00
# Visual Studio 15
VisualStudioVersion = 15.0.27004.2009
MinimumVisualStudioVersion = 10.0.40219.1
Project("{FAE04EC0-301F-11D3-BF4B-00C04F79EFBC}") = "NP.IoCy", "NP.IoCy.csproj", "{983ACD27-CD73-4F53-9E52-8F31436CA9A2}"
EndProject
Project("{2150E333-8FDC-42A3-9474-1A3956D46DE8}") = "TESTS", "TESTS", "{376E306D-4442-4C1B-BCE5-F4FCBDA8AA6C}"
EndProject
Project("{FAE04EC0-301F-11D3-BF4B-00C04F79EFBC}") = "BootstrappingTest", "TESTS\BootstrappingTest\BootstrappingTest.csproj", "{BE0CFF1C-7B1A-4A5B-9085-082539C7188F}"
EndProject
Project("{2150E333-8FDC-42A3-9474-1A3956D46DE8}") = "AssemblyLoadingTest", "AssemblyLoadingTest", "{A083C02F-C20B-48E9-AE94-FFEFD1640518}"
EndProject
Project("{FAE04EC0-301F-11D3-BF4B-00C04F79EFBC}") = "AssemblyLoadingTest", "TESTS\AssemblyLoadingTest\AssemblyLoadingTest.csproj", "{7EF349F2-526F-4F51-A5EC-1EEDB3B8EF77}"
EndProject
Project("{FAE04EC0-301F-11D3-BF4B-00C04F79EFBC}") = "Interfaces", "TESTS\AssemblyLoadingTest\Interfaces\Interfaces\Interfaces.csproj", "{49691A38-0265-477E-99BC-80FDDB445253}"
EndProject
Project("{FAE04EC0-301F-11D3-BF4B-00C04F79EFBC}") = "Implementations", "TESTS\AssemblyLoadingTest\Implementations\Implementations\Implementations.csproj", "{F203018E-FB2D-4102-BD59-F1A439C5BDB6}"
EndProject
Project("{2150E333-8FDC-42A3-9474-1A3956D46DE8}") = "DynamicAssemblyLoadingTest", "DynamicAssemblyLoadingTest", "{BF87F7E0-7D28-4727-A903-98A83FAFE519}"
EndProject
Project("{FAE04EC0-301F-11D3-BF4B-00C04F79EFBC}") = "DynamicAssemblyLoadingTest", "TESTS\DynamicAssemblyLoadingTest\DynamicAssemblyLoadingTest.csproj", "{4EA90ACC-CC3B-4BDC-8056-85B796791C8D}"
EndProject
Project("{FAE04EC0-301F-11D3-BF4B-00C04F79EFBC}") = "Interfaces", "TESTS\DynamicAssemblyLoadingTest\Interfaces\Interfaces\Interfaces.csproj", "{ECFC3A60-9527-47C6-818B-0E87A8F5415E}"
EndProject
Project("{FAE04EC0-301F-11D3-BF4B-00C04F79EFBC}") = "Implementations", "TESTS\DynamicAssemblyLoadingTest\Implementations\Implementations\Implementations.csproj", "{3CA25F9C-469F-443F-BDA5-911D25D58FDE}"
EndProject
Project("{2150E333-8FDC-42A3-9474-1A3956D46DE8}") = "PluginsTest", "PluginsTest", "{0753F009-5A30-48D5-BBD5-5D75CE60A0DB}"
EndProject
Project("{FAE04EC0-301F-11D3-BF4B-00C04F79EFBC}") = "Interfaces", "TESTS\PluginsTest\Interfaces\Interfaces.csproj", "{FAF644AE-7D8B-4EEA-AD7F-B14C766B9486}"
EndProject
Project("{FAE04EC0-301F-11D3-BF4B-00C04F79EFBC}") = "PluginsTest", "TESTS\PluginsTest\PluginsTest.csproj", "{AA8DEE03-B72D-4993-93E7-731C17DFABA9}"
EndProject
Project("{FAE04EC0-301F-11D3-BF4B-00C04F79EFBC}") = "Plugin1", "TESTS\PluginsTest\Plugin1\Plugin1.csproj", "{C5ED0289-F0BB-47CE-8518-D0BE6BA674DA}"
EndProject
Project("{FAE04EC0-301F-11D3-BF4B-00C04F79EFBC}") = "Plugin2", "TESTS\PluginsTest\Plugin2\Plugin2.csproj", "{933F6B98-092A-4540-9481-DEE357FA0088}"
EndProject
Project("{FAE04EC0-301F-11D3-BF4B-00C04F79EFBC}") = "MultyPartBootstrappingTest", "TESTS\MultyPartBootstrappingTest\MultyPartBootstrappingTest.csproj", "{FA0F3FD4-07A5-4EAC-8440-38C661E9C890}"
EndProject
Global
	GlobalSection(SolutionConfigurationPlatforms) = preSolution
		Debug|Any CPU = Debug|Any CPU
		Release|Any CPU = Release|Any CPU
	EndGlobalSection
	GlobalSection(ProjectConfigurationPlatforms) = postSolution
		{983ACD27-CD73-4F53-9E52-8F31436CA9A2}.Debug|Any CPU.ActiveCfg = Debug|Any CPU
		{983ACD27-CD73-4F53-9E52-8F31436CA9A2}.Debug|Any CPU.Build.0 = Debug|Any CPU
		{983ACD27-CD73-4F53-9E52-8F31436CA9A2}.Release|Any CPU.ActiveCfg = Release|Any CPU
		{983ACD27-CD73-4F53-9E52-8F31436CA9A2}.Release|Any CPU.Build.0 = Release|Any CPU
		{BE0CFF1C-7B1A-4A5B-9085-082539C7188F}.Debug|Any CPU.ActiveCfg = Debug|Any CPU
		{BE0CFF1C-7B1A-4A5B-9085-082539C7188F}.Debug|Any CPU.Build.0 = Debug|Any CPU
		{BE0CFF1C-7B1A-4A5B-9085-082539C7188F}.Release|Any CPU.ActiveCfg = Release|Any CPU
		{BE0CFF1C-7B1A-4A5B-9085-082539C7188F}.Release|Any CPU.Build.0 = Release|Any CPU
		{7EF349F2-526F-4F51-A5EC-1EEDB3B8EF77}.Debug|Any CPU.ActiveCfg = Debug|Any CPU
		{7EF349F2-526F-4F51-A5EC-1EEDB3B8EF77}.Debug|Any CPU.Build.0 = Debug|Any CPU
		{7EF349F2-526F-4F51-A5EC-1EEDB3B8EF77}.Release|Any CPU.ActiveCfg = Release|Any CPU
		{7EF349F2-526F-4F51-A5EC-1EEDB3B8EF77}.Release|Any CPU.Build.0 = Release|Any CPU
		{49691A38-0265-477E-99BC-80FDDB445253}.Debug|Any CPU.ActiveCfg = Debug|Any CPU
		{49691A38-0265-477E-99BC-80FDDB445253}.Debug|Any CPU.Build.0 = Debug|Any CPU
		{49691A38-0265-477E-99BC-80FDDB445253}.Release|Any CPU.ActiveCfg = Release|Any CPU
		{49691A38-0265-477E-99BC-80FDDB445253}.Release|Any CPU.Build.0 = Release|Any CPU
		{F203018E-FB2D-4102-BD59-F1A439C5BDB6}.Debug|Any CPU.ActiveCfg = Debug|Any CPU
		{F203018E-FB2D-4102-BD59-F1A439C5BDB6}.Debug|Any CPU.Build.0 = Debug|Any CPU
		{F203018E-FB2D-4102-BD59-F1A439C5BDB6}.Release|Any CPU.ActiveCfg = Release|Any CPU
		{F203018E-FB2D-4102-BD59-F1A439C5BDB6}.Release|Any CPU.Build.0 = Release|Any CPU
		{4EA90ACC-CC3B-4BDC-8056-85B796791C8D}.Debug|Any CPU.ActiveCfg = Debug|Any CPU
		{4EA90ACC-CC3B-4BDC-8056-85B796791C8D}.Debug|Any CPU.Build.0 = Debug|Any CPU
		{4EA90ACC-CC3B-4BDC-8056-85B796791C8D}.Release|Any CPU.ActiveCfg = Release|Any CPU
		{4EA90ACC-CC3B-4BDC-8056-85B796791C8D}.Release|Any CPU.Build.0 = Release|Any CPU
		{ECFC3A60-9527-47C6-818B-0E87A8F5415E}.Debug|Any CPU.ActiveCfg = Debug|Any CPU
		{ECFC3A60-9527-47C6-818B-0E87A8F5415E}.Debug|Any CPU.Build.0 = Debug|Any CPU
		{ECFC3A60-9527-47C6-818B-0E87A8F5415E}.Release|Any CPU.ActiveCfg = Release|Any CPU
		{ECFC3A60-9527-47C6-818B-0E87A8F5415E}.Release|Any CPU.Build.0 = Release|Any CPU
		{3CA25F9C-469F-443F-BDA5-911D25D58FDE}.Debug|Any CPU.ActiveCfg = Debug|Any CPU
		{3CA25F9C-469F-443F-BDA5-911D25D58FDE}.Debug|Any CPU.Build.0 = Debug|Any CPU
		{3CA25F9C-469F-443F-BDA5-911D25D58FDE}.Release|Any CPU.ActiveCfg = Release|Any CPU
		{3CA25F9C-469F-443F-BDA5-911D25D58FDE}.Release|Any CPU.Build.0 = Release|Any CPU
		{FAF644AE-7D8B-4EEA-AD7F-B14C766B9486}.Debug|Any CPU.ActiveCfg = Debug|Any CPU
		{FAF644AE-7D8B-4EEA-AD7F-B14C766B9486}.Debug|Any CPU.Build.0 = Debug|Any CPU
		{FAF644AE-7D8B-4EEA-AD7F-B14C766B9486}.Release|Any CPU.ActiveCfg = Release|Any CPU
		{FAF644AE-7D8B-4EEA-AD7F-B14C766B9486}.Release|Any CPU.Build.0 = Release|Any CPU
		{AA8DEE03-B72D-4993-93E7-731C17DFABA9}.Debug|Any CPU.ActiveCfg = Debug|Any CPU
		{AA8DEE03-B72D-4993-93E7-731C17DFABA9}.Debug|Any CPU.Build.0 = Debug|Any CPU
		{AA8DEE03-B72D-4993-93E7-731C17DFABA9}.Release|Any CPU.ActiveCfg = Release|Any CPU
		{AA8DEE03-B72D-4993-93E7-731C17DFABA9}.Release|Any CPU.Build.0 = Release|Any CPU
		{C5ED0289-F0BB-47CE-8518-D0BE6BA674DA}.Debug|Any CPU.ActiveCfg = Debug|Any CPU
		{C5ED0289-F0BB-47CE-8518-D0BE6BA674DA}.Debug|Any CPU.Build.0 = Debug|Any CPU
		{C5ED0289-F0BB-47CE-8518-D0BE6BA674DA}.Release|Any CPU.ActiveCfg = Release|Any CPU
		{C5ED0289-F0BB-47CE-8518-D0BE6BA674DA}.Release|Any CPU.Build.0 = Release|Any CPU
		{933F6B98-092A-4540-9481-DEE357FA0088}.Debug|Any CPU.ActiveCfg = Debug|Any CPU
		{933F6B98-092A-4540-9481-DEE357FA0088}.Debug|Any CPU.Build.0 = Debug|Any CPU
		{933F6B98-092A-4540-9481-DEE357FA0088}.Release|Any CPU.ActiveCfg = Release|Any CPU
		{933F6B98-092A-4540-9481-DEE357FA0088}.Release|Any CPU.Build.0 = Release|Any CPU
		{FA0F3FD4-07A5-4EAC-8440-38C661E9C890}.Debug|Any CPU.ActiveCfg = Debug|Any CPU
		{FA0F3FD4-07A5-4EAC-8440-38C661E9C890}.Debug|Any CPU.Build.0 = Debug|Any CPU
		{FA0F3FD4-07A5-4EAC-8440-38C661E9C890}.Release|Any CPU.ActiveCfg = Release|Any CPU
		{FA0F3FD4-07A5-4EAC-8440-38C661E9C890}.Release|Any CPU.Build.0 = Release|Any CPU
	EndGlobalSection
	GlobalSection(SolutionProperties) = preSolution
		HideSolutionNode = FALSE
	EndGlobalSection
	GlobalSection(NestedProjects) = preSolution
		{BE0CFF1C-7B1A-4A5B-9085-082539C7188F} = {376E306D-4442-4C1B-BCE5-F4FCBDA8AA6C}
		{A083C02F-C20B-48E9-AE94-FFEFD1640518} = {376E306D-4442-4C1B-BCE5-F4FCBDA8AA6C}
		{7EF349F2-526F-4F51-A5EC-1EEDB3B8EF77} = {A083C02F-C20B-48E9-AE94-FFEFD1640518}
		{49691A38-0265-477E-99BC-80FDDB445253} = {A083C02F-C20B-48E9-AE94-FFEFD1640518}
		{F203018E-FB2D-4102-BD59-F1A439C5BDB6} = {A083C02F-C20B-48E9-AE94-FFEFD1640518}
		{BF87F7E0-7D28-4727-A903-98A83FAFE519} = {376E306D-4442-4C1B-BCE5-F4FCBDA8AA6C}
		{4EA90ACC-CC3B-4BDC-8056-85B796791C8D} = {BF87F7E0-7D28-4727-A903-98A83FAFE519}
		{ECFC3A60-9527-47C6-818B-0E87A8F5415E} = {BF87F7E0-7D28-4727-A903-98A83FAFE519}
		{3CA25F9C-469F-443F-BDA5-911D25D58FDE} = {BF87F7E0-7D28-4727-A903-98A83FAFE519}
		{0753F009-5A30-48D5-BBD5-5D75CE60A0DB} = {376E306D-4442-4C1B-BCE5-F4FCBDA8AA6C}
		{FAF644AE-7D8B-4EEA-AD7F-B14C766B9486} = {0753F009-5A30-48D5-BBD5-5D75CE60A0DB}
		{AA8DEE03-B72D-4993-93E7-731C17DFABA9} = {0753F009-5A30-48D5-BBD5-5D75CE60A0DB}
		{C5ED0289-F0BB-47CE-8518-D0BE6BA674DA} = {0753F009-5A30-48D5-BBD5-5D75CE60A0DB}
		{933F6B98-092A-4540-9481-DEE357FA0088} = {0753F009-5A30-48D5-BBD5-5D75CE60A0DB}
		{FA0F3FD4-07A5-4EAC-8440-38C661E9C890} = {376E306D-4442-4C1B-BCE5-F4FCBDA8AA6C}
	EndGlobalSection
	GlobalSection(ExtensibilityGlobals) = postSolution
		SolutionGuid = {F1AF82F1-CF42-48F3-9072-3B8E002C2B8D}
	EndGlobalSection
EndGlobal
