
Microsoft Visual Studio Solution File, Format Version 12.00
# Visual Studio Version 16
VisualStudioVersion = 16.0.31911.196
MinimumVisualStudioVersion = 10.0.40219.1
Project("{9A19103F-16F7-4668-BE54-9A1E7A4F7556}") = "BootstrappingSingletonTest", "BootstrappingSingletonTest.csproj", "{054351E6-5B48-41FE-994C-71F2F6203EAC}"
EndProject
Project("{2150E333-8FDC-42A3-9474-1A3956D46DE8}") = "Core", "Core", "{602CB8FC-A191-4EE8-90A4-A3CAC5DAC445}"
EndProject
Project("{9A19103F-16F7-4668-BE54-9A1E7A4F7556}") = "NP.Utilities", "..\..\SubModules\NP.Utilities\src\NP.Utilities.csproj", "{59A907BC-E1DE-4CC3-A458-3BB572D15C8E}"
EndProject
Project("{9A19103F-16F7-4668-BE54-9A1E7A4F7556}") = "NP.IoCy", "..\..\src\NP.IoCy.csproj", "{348748FF-92AE-4D4C-8409-0285AE8398D0}"
EndProject
Global
	GlobalSection(SolutionConfigurationPlatforms) = preSolution
		Debug|Any CPU = Debug|Any CPU
		Release|Any CPU = Release|Any CPU
	EndGlobalSection
	GlobalSection(ProjectConfigurationPlatforms) = postSolution
		{054351E6-5B48-41FE-994C-71F2F6203EAC}.Debug|Any CPU.ActiveCfg = Debug|Any CPU
		{054351E6-5B48-41FE-994C-71F2F6203EAC}.Debug|Any CPU.Build.0 = Debug|Any CPU
		{054351E6-5B48-41FE-994C-71F2F6203EAC}.Release|Any CPU.ActiveCfg = Release|Any CPU
		{054351E6-5B48-41FE-994C-71F2F6203EAC}.Release|Any CPU.Build.0 = Release|Any CPU
		{59A907BC-E1DE-4CC3-A458-3BB572D15C8E}.Debug|Any CPU.ActiveCfg = Debug|Any CPU
		{59A907BC-E1DE-4CC3-A458-3BB572D15C8E}.Debug|Any CPU.Build.0 = Debug|Any CPU
		{59A907BC-E1DE-4CC3-A458-3BB572D15C8E}.Release|Any CPU.ActiveCfg = Release|Any CPU
		{59A907BC-E1DE-4CC3-A458-3BB572D15C8E}.Release|Any CPU.Build.0 = Release|Any CPU
		{348748FF-92AE-4D4C-8409-0285AE8398D0}.Debug|Any CPU.ActiveCfg = Debug|Any CPU
		{348748FF-92AE-4D4C-8409-0285AE8398D0}.Debug|Any CPU.Build.0 = Debug|Any CPU
		{348748FF-92AE-4D4C-8409-0285AE8398D0}.Release|Any CPU.ActiveCfg = Release|Any CPU
		{348748FF-92AE-4D4C-8409-0285AE8398D0}.Release|Any CPU.Build.0 = Release|Any CPU
	EndGlobalSection
	GlobalSection(SolutionProperties) = preSolution
		HideSolutionNode = FALSE
	EndGlobalSection
	GlobalSection(NestedProjects) = preSolution
		{59A907BC-E1DE-4CC3-A458-3BB572D15C8E} = {602CB8FC-A191-4EE8-90A4-A3CAC5DAC445}
		{348748FF-92AE-4D4C-8409-0285AE8398D0} = {602CB8FC-A191-4EE8-90A4-A3CAC5DAC445}
	EndGlobalSection
	GlobalSection(ExtensibilityGlobals) = postSolution
		SolutionGuid = {A044D218-81A0-437A-889E-E84B832CBE58}
	EndGlobalSection
EndGlobal
