
Microsoft Visual Studio Solution File, Format Version 12.00
# Visual Studio Version 16
VisualStudioVersion = 16.0.31911.196
MinimumVisualStudioVersion = 10.0.40219.1
Project("{2150E333-8FDC-42A3-9474-1A3956D46DE8}") = "Core", "Core", "{602CB8FC-A191-4EE8-90A4-A3CAC5DAC445}"
EndProject
Project("{9A19103F-16F7-4668-BE54-9A1E7A4F7556}") = "NP.Utilities", "..\..\SubModules\NP.Utilities\src\NP.Utilities.csproj", "{59A907BC-E1DE-4CC3-A458-3BB572D15C8E}"
EndProject
Project("{9A19103F-16F7-4668-BE54-9A1E7A4F7556}") = "NP.IoCy", "..\..\src\NP.IoCy.csproj", "{348748FF-92AE-4D4C-8409-0285AE8398D0}"
EndProject
Project("{2150E333-8FDC-42A3-9474-1A3956D46DE8}") = "Assemblies", "Assemblies", "{E4D7F2AF-BAEF-428E-9C98-F79CDF045A94}"
EndProject
Project("{9A19103F-16F7-4668-BE54-9A1E7A4F7556}") = "Interfaces", "Interfaces\Interfaces.csproj", "{651DBF31-5125-4FB5-BE5B-D822663269F0}"
EndProject
Project("{9A19103F-16F7-4668-BE54-9A1E7A4F7556}") = "PluginsTest", "PluginsTest.csproj", "{B87BE083-DE12-477A-9ACE-78C2899788CA}"
EndProject
Project("{2150E333-8FDC-42A3-9474-1A3956D46DE8}") = "Plugins", "Plugins", "{1C6310CA-7BEA-4096-B3B4-2E64C551E6A6}"
EndProject
Project("{9A19103F-16F7-4668-BE54-9A1E7A4F7556}") = "Plugin1", "Plugin1\Plugin1.csproj", "{6FCBCCE1-0D96-4D27-8E10-4E5936BB09C0}"
EndProject
Project("{9A19103F-16F7-4668-BE54-9A1E7A4F7556}") = "Plugin2", "Plugin2\Plugin2.csproj", "{DFADD6A8-54E0-4BC2-A508-AAE97E5CF088}"
EndProject
Global
	GlobalSection(SolutionConfigurationPlatforms) = preSolution
		Debug|Any CPU = Debug|Any CPU
		Release|Any CPU = Release|Any CPU
	EndGlobalSection
	GlobalSection(ProjectConfigurationPlatforms) = postSolution
		{59A907BC-E1DE-4CC3-A458-3BB572D15C8E}.Debug|Any CPU.ActiveCfg = Debug|Any CPU
		{59A907BC-E1DE-4CC3-A458-3BB572D15C8E}.Debug|Any CPU.Build.0 = Debug|Any CPU
		{59A907BC-E1DE-4CC3-A458-3BB572D15C8E}.Release|Any CPU.ActiveCfg = Release|Any CPU
		{59A907BC-E1DE-4CC3-A458-3BB572D15C8E}.Release|Any CPU.Build.0 = Release|Any CPU
		{348748FF-92AE-4D4C-8409-0285AE8398D0}.Debug|Any CPU.ActiveCfg = Debug|Any CPU
		{348748FF-92AE-4D4C-8409-0285AE8398D0}.Debug|Any CPU.Build.0 = Debug|Any CPU
		{348748FF-92AE-4D4C-8409-0285AE8398D0}.Release|Any CPU.ActiveCfg = Release|Any CPU
		{348748FF-92AE-4D4C-8409-0285AE8398D0}.Release|Any CPU.Build.0 = Release|Any CPU
		{651DBF31-5125-4FB5-BE5B-D822663269F0}.Debug|Any CPU.ActiveCfg = Debug|Any CPU
		{651DBF31-5125-4FB5-BE5B-D822663269F0}.Debug|Any CPU.Build.0 = Debug|Any CPU
		{651DBF31-5125-4FB5-BE5B-D822663269F0}.Release|Any CPU.ActiveCfg = Release|Any CPU
		{651DBF31-5125-4FB5-BE5B-D822663269F0}.Release|Any CPU.Build.0 = Release|Any CPU
		{B87BE083-DE12-477A-9ACE-78C2899788CA}.Debug|Any CPU.ActiveCfg = Debug|Any CPU
		{B87BE083-DE12-477A-9ACE-78C2899788CA}.Debug|Any CPU.Build.0 = Debug|Any CPU
		{B87BE083-DE12-477A-9ACE-78C2899788CA}.Release|Any CPU.ActiveCfg = Release|Any CPU
		{B87BE083-DE12-477A-9ACE-78C2899788CA}.Release|Any CPU.Build.0 = Release|Any CPU
		{6FCBCCE1-0D96-4D27-8E10-4E5936BB09C0}.Debug|Any CPU.ActiveCfg = Debug|Any CPU
		{6FCBCCE1-0D96-4D27-8E10-4E5936BB09C0}.Debug|Any CPU.Build.0 = Debug|Any CPU
		{6FCBCCE1-0D96-4D27-8E10-4E5936BB09C0}.Release|Any CPU.ActiveCfg = Release|Any CPU
		{6FCBCCE1-0D96-4D27-8E10-4E5936BB09C0}.Release|Any CPU.Build.0 = Release|Any CPU
		{DFADD6A8-54E0-4BC2-A508-AAE97E5CF088}.Debug|Any CPU.ActiveCfg = Debug|Any CPU
		{DFADD6A8-54E0-4BC2-A508-AAE97E5CF088}.Debug|Any CPU.Build.0 = Debug|Any CPU
		{DFADD6A8-54E0-4BC2-A508-AAE97E5CF088}.Release|Any CPU.ActiveCfg = Release|Any CPU
		{DFADD6A8-54E0-4BC2-A508-AAE97E5CF088}.Release|Any CPU.Build.0 = Release|Any CPU
	EndGlobalSection
	GlobalSection(SolutionProperties) = preSolution
		HideSolutionNode = FALSE
	EndGlobalSection
	GlobalSection(NestedProjects) = preSolution
		{59A907BC-E1DE-4CC3-A458-3BB572D15C8E} = {602CB8FC-A191-4EE8-90A4-A3CAC5DAC445}
		{348748FF-92AE-4D4C-8409-0285AE8398D0} = {602CB8FC-A191-4EE8-90A4-A3CAC5DAC445}
		{651DBF31-5125-4FB5-BE5B-D822663269F0} = {E4D7F2AF-BAEF-428E-9C98-F79CDF045A94}
		{6FCBCCE1-0D96-4D27-8E10-4E5936BB09C0} = {1C6310CA-7BEA-4096-B3B4-2E64C551E6A6}
		{DFADD6A8-54E0-4BC2-A508-AAE97E5CF088} = {1C6310CA-7BEA-4096-B3B4-2E64C551E6A6}
	EndGlobalSection
	GlobalSection(ExtensibilityGlobals) = postSolution
		SolutionGuid = {A044D218-81A0-437A-889E-E84B832CBE58}
	EndGlobalSection
EndGlobal
